
Microsoft Visual Studio Solution File, Format Version 12.00
# Visual Studio Version 16
VisualStudioVersion = 16.6.30114.105
MinimumVisualStudioVersion = 10.0.40219.1
Project("{FAE04EC0-301F-11D3-BF4B-00C04F79EFBC}") = "ExampleApi", "ExampleApi\ExampleApi.csproj", "{C52F0A4E-93D9-4EA0-8160-35DC8AECC0E9}"
EndProject
Project("{FAE04EC0-301F-11D3-BF4B-00C04F79EFBC}") = "Domain", "Domain\Domain.csproj", "{D9D4598D-A30E-4FD5-BE79-51BCDA48680C}"
EndProject
Project("{FAE04EC0-301F-11D3-BF4B-00C04F79EFBC}") = "Infra", "Infra\Infra.csproj", "{E538E549-CCDF-4823-9C85-89FD32FE6A47}"
EndProject
Project("{FAE04EC0-301F-11D3-BF4B-00C04F79EFBC}") = "Application", "Application\Application.csproj", "{FEFCE40C-5F41-48E4-9513-0AFA10C36257}"
EndProject
Global
	GlobalSection(SolutionConfigurationPlatforms) = preSolution
		Debug|Any CPU = Debug|Any CPU
		Debug|x64 = Debug|x64
		Debug|x86 = Debug|x86
		Release|Any CPU = Release|Any CPU
		Release|x64 = Release|x64
		Release|x86 = Release|x86
	EndGlobalSection
	GlobalSection(SolutionProperties) = preSolution
		HideSolutionNode = FALSE
	EndGlobalSection
	GlobalSection(ProjectConfigurationPlatforms) = postSolution
		{C52F0A4E-93D9-4EA0-8160-35DC8AECC0E9}.Debug|Any CPU.ActiveCfg = Debug|Any CPU
		{C52F0A4E-93D9-4EA0-8160-35DC8AECC0E9}.Debug|Any CPU.Build.0 = Debug|Any CPU
		{C52F0A4E-93D9-4EA0-8160-35DC8AECC0E9}.Debug|x64.ActiveCfg = Debug|Any CPU
		{C52F0A4E-93D9-4EA0-8160-35DC8AECC0E9}.Debug|x64.Build.0 = Debug|Any CPU
		{C52F0A4E-93D9-4EA0-8160-35DC8AECC0E9}.Debug|x86.ActiveCfg = Debug|Any CPU
		{C52F0A4E-93D9-4EA0-8160-35DC8AECC0E9}.Debug|x86.Build.0 = Debug|Any CPU
		{C52F0A4E-93D9-4EA0-8160-35DC8AECC0E9}.Release|Any CPU.ActiveCfg = Release|Any CPU
		{C52F0A4E-93D9-4EA0-8160-35DC8AECC0E9}.Release|Any CPU.Build.0 = Release|Any CPU
		{C52F0A4E-93D9-4EA0-8160-35DC8AECC0E9}.Release|x64.ActiveCfg = Release|Any CPU
		{C52F0A4E-93D9-4EA0-8160-35DC8AECC0E9}.Release|x64.Build.0 = Release|Any CPU
		{C52F0A4E-93D9-4EA0-8160-35DC8AECC0E9}.Release|x86.ActiveCfg = Release|Any CPU
		{C52F0A4E-93D9-4EA0-8160-35DC8AECC0E9}.Release|x86.Build.0 = Release|Any CPU
		{D9D4598D-A30E-4FD5-BE79-51BCDA48680C}.Debug|Any CPU.ActiveCfg = Debug|Any CPU
		{D9D4598D-A30E-4FD5-BE79-51BCDA48680C}.Debug|Any CPU.Build.0 = Debug|Any CPU
		{D9D4598D-A30E-4FD5-BE79-51BCDA48680C}.Debug|x64.ActiveCfg = Debug|Any CPU
		{D9D4598D-A30E-4FD5-BE79-51BCDA48680C}.Debug|x64.Build.0 = Debug|Any CPU
		{D9D4598D-A30E-4FD5-BE79-51BCDA48680C}.Debug|x86.ActiveCfg = Debug|Any CPU
		{D9D4598D-A30E-4FD5-BE79-51BCDA48680C}.Debug|x86.Build.0 = Debug|Any CPU
		{D9D4598D-A30E-4FD5-BE79-51BCDA48680C}.Release|Any CPU.ActiveCfg = Release|Any CPU
		{D9D4598D-A30E-4FD5-BE79-51BCDA48680C}.Release|Any CPU.Build.0 = Release|Any CPU
		{D9D4598D-A30E-4FD5-BE79-51BCDA48680C}.Release|x64.ActiveCfg = Release|Any CPU
		{D9D4598D-A30E-4FD5-BE79-51BCDA48680C}.Release|x64.Build.0 = Release|Any CPU
		{D9D4598D-A30E-4FD5-BE79-51BCDA48680C}.Release|x86.ActiveCfg = Release|Any CPU
		{D9D4598D-A30E-4FD5-BE79-51BCDA48680C}.Release|x86.Build.0 = Release|Any CPU
		{E538E549-CCDF-4823-9C85-89FD32FE6A47}.Debug|Any CPU.ActiveCfg = Debug|Any CPU
		{E538E549-CCDF-4823-9C85-89FD32FE6A47}.Debug|Any CPU.Build.0 = Debug|Any CPU
		{E538E549-CCDF-4823-9C85-89FD32FE6A47}.Debug|x64.ActiveCfg = Debug|Any CPU
		{E538E549-CCDF-4823-9C85-89FD32FE6A47}.Debug|x64.Build.0 = Debug|Any CPU
		{E538E549-CCDF-4823-9C85-89FD32FE6A47}.Debug|x86.ActiveCfg = Debug|Any CPU
		{E538E549-CCDF-4823-9C85-89FD32FE6A47}.Debug|x86.Build.0 = Debug|Any CPU
		{E538E549-CCDF-4823-9C85-89FD32FE6A47}.Release|Any CPU.ActiveCfg = Release|Any CPU
		{E538E549-CCDF-4823-9C85-89FD32FE6A47}.Release|Any CPU.Build.0 = Release|Any CPU
		{E538E549-CCDF-4823-9C85-89FD32FE6A47}.Release|x64.ActiveCfg = Release|Any CPU
		{E538E549-CCDF-4823-9C85-89FD32FE6A47}.Release|x64.Build.0 = Release|Any CPU
		{E538E549-CCDF-4823-9C85-89FD32FE6A47}.Release|x86.ActiveCfg = Release|Any CPU
		{E538E549-CCDF-4823-9C85-89FD32FE6A47}.Release|x86.Build.0 = Release|Any CPU
		{FEFCE40C-5F41-48E4-9513-0AFA10C36257}.Debug|Any CPU.ActiveCfg = Debug|Any CPU
		{FEFCE40C-5F41-48E4-9513-0AFA10C36257}.Debug|Any CPU.Build.0 = Debug|Any CPU
		{FEFCE40C-5F41-48E4-9513-0AFA10C36257}.Debug|x64.ActiveCfg = Debug|Any CPU
		{FEFCE40C-5F41-48E4-9513-0AFA10C36257}.Debug|x64.Build.0 = Debug|Any CPU
		{FEFCE40C-5F41-48E4-9513-0AFA10C36257}.Debug|x86.ActiveCfg = Debug|Any CPU
		{FEFCE40C-5F41-48E4-9513-0AFA10C36257}.Debug|x86.Build.0 = Debug|Any CPU
		{FEFCE40C-5F41-48E4-9513-0AFA10C36257}.Release|Any CPU.ActiveCfg = Release|Any CPU
		{FEFCE40C-5F41-48E4-9513-0AFA10C36257}.Release|Any CPU.Build.0 = Release|Any CPU
		{FEFCE40C-5F41-48E4-9513-0AFA10C36257}.Release|x64.ActiveCfg = Release|Any CPU
		{FEFCE40C-5F41-48E4-9513-0AFA10C36257}.Release|x64.Build.0 = Release|Any CPU
		{FEFCE40C-5F41-48E4-9513-0AFA10C36257}.Release|x86.ActiveCfg = Release|Any CPU
		{FEFCE40C-5F41-48E4-9513-0AFA10C36257}.Release|x86.Build.0 = Release|Any CPU
	EndGlobalSection
EndGlobal
